
Microsoft Visual Studio Solution File, Format Version 12.00
# Visual Studio 15
Project("{FAE04EC0-301F-11D3-BF4B-00C04F79EFBC}") = "Google.XR.Cardboard", "Google.XR.Cardboard.csproj", "{ACA278CD-5BB2-0DF1-1F65-E010A305654F}"
EndProject
Project("{FAE04EC0-301F-11D3-BF4B-00C04F79EFBC}") = "CardboardSamples", "CardboardSamples.csproj", "{0732D023-7D86-C225-1055-FADB1B1E64E6}"
EndProject
Project("{FAE04EC0-301F-11D3-BF4B-00C04F79EFBC}") = "Assembly-CSharp", "Assembly-CSharp.csproj", "{54DFFA63-F170-9C5A-C50B-4A7C35797BAF}"
EndProject
Project("{FAE04EC0-301F-11D3-BF4B-00C04F79EFBC}") = "Google.XR.Cardboard.Editor", "Google.XR.Cardboard.Editor.csproj", "{8C8008BF-103E-924F-370A-023D91DDC9B8}"
EndProject
Global
	GlobalSection(SolutionConfigurationPlatforms) = preSolution
		Debug|Any CPU = Debug|Any CPU
		Release|Any CPU = Release|Any CPU
	EndGlobalSection
	GlobalSection(ProjectConfigurationPlatforms) = postSolution
		{ACA278CD-5BB2-0DF1-1F65-E010A305654F}.Debug|Any CPU.ActiveCfg = Debug|Any CPU
		{ACA278CD-5BB2-0DF1-1F65-E010A305654F}.Debug|Any CPU.Build.0 = Debug|Any CPU
		{ACA278CD-5BB2-0DF1-1F65-E010A305654F}.Release|Any CPU.ActiveCfg = Release|Any CPU
		{ACA278CD-5BB2-0DF1-1F65-E010A305654F}.Release|Any CPU.Build.0 = Release|Any CPU
		{0732D023-7D86-C225-1055-FADB1B1E64E6}.Debug|Any CPU.ActiveCfg = Debug|Any CPU
		{0732D023-7D86-C225-1055-FADB1B1E64E6}.Debug|Any CPU.Build.0 = Debug|Any CPU
		{0732D023-7D86-C225-1055-FADB1B1E64E6}.Release|Any CPU.ActiveCfg = Release|Any CPU
		{0732D023-7D86-C225-1055-FADB1B1E64E6}.Release|Any CPU.Build.0 = Release|Any CPU
		{54DFFA63-F170-9C5A-C50B-4A7C35797BAF}.Debug|Any CPU.ActiveCfg = Debug|Any CPU
		{54DFFA63-F170-9C5A-C50B-4A7C35797BAF}.Debug|Any CPU.Build.0 = Debug|Any CPU
		{54DFFA63-F170-9C5A-C50B-4A7C35797BAF}.Release|Any CPU.ActiveCfg = Release|Any CPU
		{54DFFA63-F170-9C5A-C50B-4A7C35797BAF}.Release|Any CPU.Build.0 = Release|Any CPU
		{8C8008BF-103E-924F-370A-023D91DDC9B8}.Debug|Any CPU.ActiveCfg = Debug|Any CPU
		{8C8008BF-103E-924F-370A-023D91DDC9B8}.Debug|Any CPU.Build.0 = Debug|Any CPU
		{8C8008BF-103E-924F-370A-023D91DDC9B8}.Release|Any CPU.ActiveCfg = Release|Any CPU
		{8C8008BF-103E-924F-370A-023D91DDC9B8}.Release|Any CPU.Build.0 = Release|Any CPU
	EndGlobalSection
	GlobalSection(SolutionProperties) = preSolution
		HideSolutionNode = FALSE
	EndGlobalSection
EndGlobal
